
Microsoft Visual Studio Solution File, Format Version 12.00
# Visual Studio 15
VisualStudioVersion = 15.0.27703.2026
MinimumVisualStudioVersion = 10.0.40219.1
Project("{9A19103F-16F7-4668-BE54-9A1E7A4F7556}") = "FluentContracts", "src\FluentContracts\FluentContracts.csproj", "{FD57295A-03F3-4E81-BF6D-B7D9342277A3}"
EndProject
Project("{2150E333-8FDC-42A3-9474-1A3956D46DE8}") = "Solution items", "Solution items", "{87493B5C-DB28-4EE7-B62C-1943A3E36531}"
	ProjectSection(SolutionItems) = preProject
		src\FluentContracts.nuspec = src\FluentContracts.nuspec
	EndProjectSection
EndProject
Project("{2150E333-8FDC-42A3-9474-1A3956D46DE8}") = "API", "API", "{DD09993F-D6D9-4564-8E86-C18A01081D4F}"
EndProject
Project("{2150E333-8FDC-42A3-9474-1A3956D46DE8}") = "Tests", "Tests", "{E04008A0-ACE6-4209-A629-E0A9D97C20BE}"
EndProject
Project("{9A19103F-16F7-4668-BE54-9A1E7A4F7556}") = "FluentContracts.Tests", "src\FluentContracts.Tests\FluentContracts.Tests.csproj", "{087E6262-99F9-4854-A04F-DD272229314B}"
EndProject
Global
	GlobalSection(SolutionConfigurationPlatforms) = preSolution
		Debug|Any CPU = Debug|Any CPU
		Release|Any CPU = Release|Any CPU
	EndGlobalSection
	GlobalSection(ProjectConfigurationPlatforms) = postSolution
		{FD57295A-03F3-4E81-BF6D-B7D9342277A3}.Debug|Any CPU.ActiveCfg = Debug|Any CPU
		{FD57295A-03F3-4E81-BF6D-B7D9342277A3}.Debug|Any CPU.Build.0 = Debug|Any CPU
		{FD57295A-03F3-4E81-BF6D-B7D9342277A3}.Release|Any CPU.ActiveCfg = Release|Any CPU
		{FD57295A-03F3-4E81-BF6D-B7D9342277A3}.Release|Any CPU.Build.0 = Release|Any CPU
		{087E6262-99F9-4854-A04F-DD272229314B}.Debug|Any CPU.ActiveCfg = Debug|Any CPU
		{087E6262-99F9-4854-A04F-DD272229314B}.Debug|Any CPU.Build.0 = Debug|Any CPU
		{087E6262-99F9-4854-A04F-DD272229314B}.Release|Any CPU.ActiveCfg = Release|Any CPU
		{087E6262-99F9-4854-A04F-DD272229314B}.Release|Any CPU.Build.0 = Release|Any CPU
	EndGlobalSection
	GlobalSection(SolutionProperties) = preSolution
		HideSolutionNode = FALSE
	EndGlobalSection
	GlobalSection(NestedProjects) = preSolution
		{FD57295A-03F3-4E81-BF6D-B7D9342277A3} = {DD09993F-D6D9-4564-8E86-C18A01081D4F}
		{087E6262-99F9-4854-A04F-DD272229314B} = {E04008A0-ACE6-4209-A629-E0A9D97C20BE}
	EndGlobalSection
	GlobalSection(ExtensibilityGlobals) = postSolution
		SolutionGuid = {2DF179B7-7390-4C23-9A26-608D7C9C4D7B}
	EndGlobalSection
EndGlobal
