
Microsoft Visual Studio Solution File, Format Version 12.00
# Visual Studio 15
VisualStudioVersion = 15.0.27703.2026
MinimumVisualStudioVersion = 10.0.40219.1
Project("{2150E333-8FDC-42A3-9474-1A3956D46DE8}") = "src", "src", "{042F4ABE-A627-4143-B177-8477B5280895}"
EndProject
Project("{FAE04EC0-301F-11D3-BF4B-00C04F79EFBC}") = "FluentContracts", "src\FluentContracts\FluentContracts.csproj", "{58FF18A0-B5D0-427F-860C-48C31C7805E6}"
EndProject
Project("{2150E333-8FDC-42A3-9474-1A3956D46DE8}") = "tests", "tests", "{1F2DBA15-E8F7-40E8-970D-50DE47DB399E}"
EndProject
Project("{FAE04EC0-301F-11D3-BF4B-00C04F79EFBC}") = "FluentContracts.Tests", "tests\FluentContracts.Tests\FluentContracts.Tests.csproj", "{A3427894-F29B-47E6-9FAB-8BF1D3113AE3}"
EndProject
Project("{9A19103F-16F7-4668-BE54-9A1E7A4F7556}") = "_build", "build\_build.csproj", "{66F586B7-DAB5-4F29-9E58-E74A0612E21D}"
EndProject
Project("{2150E333-8FDC-42A3-9474-1A3956D46DE8}") = "repo", "repo", "{32D624B0-2FAE-4ADD-9C08-23FD38AC6DBD}"
	ProjectSection(SolutionItems) = preProject
		Directory.Build.props = Directory.Build.props
		LICENSE = LICENSE
		README.md = README.md
		.editorconfig = .editorconfig
		.gitattributes = .gitattributes
		.gitignore = .gitignore
	EndProjectSection
EndProject
Global
	GlobalSection(SolutionConfigurationPlatforms) = preSolution
		Debug|Any CPU = Debug|Any CPU
		Release|Any CPU = Release|Any CPU
	EndGlobalSection
	GlobalSection(ProjectConfigurationPlatforms) = postSolution
		{66F586B7-DAB5-4F29-9E58-E74A0612E21D}.Debug|Any CPU.ActiveCfg = Debug|Any CPU
		{66F586B7-DAB5-4F29-9E58-E74A0612E21D}.Release|Any CPU.ActiveCfg = Release|Any CPU
		{58FF18A0-B5D0-427F-860C-48C31C7805E6}.Debug|Any CPU.ActiveCfg = Debug|Any CPU
		{58FF18A0-B5D0-427F-860C-48C31C7805E6}.Debug|Any CPU.Build.0 = Debug|Any CPU
		{58FF18A0-B5D0-427F-860C-48C31C7805E6}.Release|Any CPU.ActiveCfg = Release|Any CPU
		{58FF18A0-B5D0-427F-860C-48C31C7805E6}.Release|Any CPU.Build.0 = Release|Any CPU
		{A3427894-F29B-47E6-9FAB-8BF1D3113AE3}.Debug|Any CPU.ActiveCfg = Debug|Any CPU
		{A3427894-F29B-47E6-9FAB-8BF1D3113AE3}.Debug|Any CPU.Build.0 = Debug|Any CPU
		{A3427894-F29B-47E6-9FAB-8BF1D3113AE3}.Release|Any CPU.ActiveCfg = Release|Any CPU
		{A3427894-F29B-47E6-9FAB-8BF1D3113AE3}.Release|Any CPU.Build.0 = Release|Any CPU
	EndGlobalSection
	GlobalSection(SolutionProperties) = preSolution
		HideSolutionNode = FALSE
	EndGlobalSection
	GlobalSection(NestedProjects) = preSolution
		{58FF18A0-B5D0-427F-860C-48C31C7805E6} = {042F4ABE-A627-4143-B177-8477B5280895}
		{A3427894-F29B-47E6-9FAB-8BF1D3113AE3} = {1F2DBA15-E8F7-40E8-970D-50DE47DB399E}
	EndGlobalSection
	GlobalSection(ExtensibilityGlobals) = postSolution
		SolutionGuid = {2DF179B7-7390-4C23-9A26-608D7C9C4D7B}
	EndGlobalSection
EndGlobal
